
Microsoft Visual Studio Solution File, Format Version 11.00
# Visual Studio 2010
Project("{8BC9CEB8-8B4A-11D0-8D11-00A0C91BC942}") = "MexCFile", "MexCFile\MexCFile.vcxproj", "{61BDF659-D866-4CDC-965F-44E3919C0DF6}"
EndProject
Global
	GlobalSection(SolutionConfigurationPlatforms) = preSolution
		Debug|Win32 = Debug|Win32
		Release|Win32 = Release|Win32
	EndGlobalSection
	GlobalSection(ProjectConfigurationPlatforms) = postSolution
		{61BDF659-D866-4CDC-965F-44E3919C0DF6}.Debug|Win32.ActiveCfg = Debug|Win32
		{61BDF659-D866-4CDC-965F-44E3919C0DF6}.Debug|Win32.Build.0 = Debug|Win32
		{61BDF659-D866-4CDC-965F-44E3919C0DF6}.Release|Win32.ActiveCfg = Release|Win32
		{61BDF659-D866-4CDC-965F-44E3919C0DF6}.Release|Win32.Build.0 = Release|Win32
	EndGlobalSection
	GlobalSection(SolutionProperties) = preSolution
		HideSolutionNode = FALSE
	EndGlobalSection
EndGlobal
